// !$*UTF8*$!
{
	archiveVersion = 1;
	classes = {
	};
	objectVersion = 46;
	objects = {

/* Begin PBXBuildFile section */
		334B387519D9CE5A00256AAD /* main.m in Sources */ = {isa = PBXBuildFile; fileRef = 334B387419D9CE5A00256AAD /* main.m */; };
		334B387819D9CE5A00256AAD /* AppDelegate.m in Sources */ = {isa = PBXBuildFile; fileRef = 334B387719D9CE5A00256AAD /* AppDelegate.m */; };
		334B387A19D9CE5A00256AAD /* Images.xcassets in Resources */ = {isa = PBXBuildFile; fileRef = 334B387919D9CE5A00256AAD /* Images.xcassets */; };
		334B387D19D9CE5A00256AAD /* MainMenu.xib in Resources */ = {isa = PBXBuildFile; fileRef = 334B387B19D9CE5A00256AAD /* MainMenu.xib */; };
		334B389019D9CE7D00256AAD /* SKUBezierPath+SVG.m in Sources */ = {isa = PBXBuildFile; fileRef = 95A5CF6B15750D0E00C7CF8D /* SKUBezierPath+SVG.m */; };
		334B389619D9D07100256AAD /* MacViewController.m in Sources */ = {isa = PBXBuildFile; fileRef = 334B389519D9D07100256AAD /* MacViewController.m */; };
		334B389919D9D3AC00256AAD /* NSBezierPath+CGPath.m in Sources */ = {isa = PBXBuildFile; fileRef = 334B389819D9D3AC00256AAD /* NSBezierPath+CGPath.m */; };
		334B389C19D9DB0200256AAD /* MacPathView.m in Sources */ = {isa = PBXBuildFile; fileRef = 334B389B19D9DB0200256AAD /* MacPathView.m */; };
		95A5CF6C15750D3500C7CF8D /* SKUBezierPath+SVG.m in Sources */ = {isa = PBXBuildFile; fileRef = 95A5CF6B15750D0E00C7CF8D /* SKUBezierPath+SVG.m */; };
		95B648C11574D27A0070B87C /* UIKit.framework in Frameworks */ = {isa = PBXBuildFile; fileRef = 95B648C01574D27A0070B87C /* UIKit.framework */; };
		95B648C31574D27A0070B87C /* Foundation.framework in Frameworks */ = {isa = PBXBuildFile; fileRef = 95B648C21574D27A0070B87C /* Foundation.framework */; };
		95B648C51574D27A0070B87C /* CoreGraphics.framework in Frameworks */ = {isa = PBXBuildFile; fileRef = 95B648C41574D27A0070B87C /* CoreGraphics.framework */; };
		95B648CB1574D27A0070B87C /* InfoPlist.strings in Resources */ = {isa = PBXBuildFile; fileRef = 95B648C91574D27A0070B87C /* InfoPlist.strings */; };
		95B648CD1574D27A0070B87C /* main.m in Sources */ = {isa = PBXBuildFile; fileRef = 95B648CC1574D27A0070B87C /* main.m */; };
		95B648D11574D27A0070B87C /* AppDelegate.m in Sources */ = {isa = PBXBuildFile; fileRef = 95B648D01574D27A0070B87C /* AppDelegate.m */; };
		95B648D41574D27A0070B87C /* ViewController.m in Sources */ = {isa = PBXBuildFile; fileRef = 95B648D31574D27A0070B87C /* ViewController.m */; };
		95B648D71574D27A0070B87C /* ViewController_iPhone.xib in Resources */ = {isa = PBXBuildFile; fileRef = 95B648D51574D27A0070B87C /* ViewController_iPhone.xib */; };
		95B648DA1574D27A0070B87C /* ViewController_iPad.xib in Resources */ = {isa = PBXBuildFile; fileRef = 95B648D81574D27A0070B87C /* ViewController_iPad.xib */; };
		95B648E21574D2970070B87C /* PathView.m in Sources */ = {isa = PBXBuildFile; fileRef = 95B648E11574D2970070B87C /* PathView.m */; };
		95EE6A0815D13D1B001AD694 /* TigerView.m in Sources */ = {isa = PBXBuildFile; fileRef = 95EE6A0715D13D1B001AD694 /* TigerView.m */; };
		95EE6A1315D13E43001AD694 /* tiger.js in Resources */ = {isa = PBXBuildFile; fileRef = 95EE6A0A15D13D89001AD694 /* tiger.js */; };
/* End PBXBuildFile section */

/* Begin PBXFileReference section */
		334B387019D9CE5A00256AAD /* svg_Mac.app */ = {isa = PBXFileReference; explicitFileType = wrapper.application; includeInIndex = 0; path = svg_Mac.app; sourceTree = BUILT_PRODUCTS_DIR; };
		334B387319D9CE5A00256AAD /* Info.plist */ = {isa = PBXFileReference; lastKnownFileType = text.plist.xml; path = Info.plist; sourceTree = "<group>"; };
		334B387419D9CE5A00256AAD /* main.m */ = {isa = PBXFileReference; lastKnownFileType = sourcecode.c.objc; path = main.m; sourceTree = "<group>"; };
		334B387619D9CE5A00256AAD /* AppDelegate.h */ = {isa = PBXFileReference; lastKnownFileType = sourcecode.c.h; path = AppDelegate.h; sourceTree = "<group>"; };
		334B387719D9CE5A00256AAD /* AppDelegate.m */ = {isa = PBXFileReference; lastKnownFileType = sourcecode.c.objc; path = AppDelegate.m; sourceTree = "<group>"; };
		334B387919D9CE5A00256AAD /* Images.xcassets */ = {isa = PBXFileReference; lastKnownFileType = folder.assetcatalog; path = Images.xcassets; sourceTree = "<group>"; };
		334B387C19D9CE5A00256AAD /* Base */ = {isa = PBXFileReference; lastKnownFileType = file.xib; name = Base; path = Base.lproj/MainMenu.xib; sourceTree = "<group>"; };
		334B389419D9D07100256AAD /* MacViewController.h */ = {isa = PBXFileReference; fileEncoding = 4; lastKnownFileType = sourcecode.c.h; path = MacViewController.h; sourceTree = "<group>"; };
		334B389519D9D07100256AAD /* MacViewController.m */ = {isa = PBXFileReference; fileEncoding = 4; lastKnownFileType = sourcecode.c.objc; path = MacViewController.m; sourceTree = "<group>"; };
		334B389719D9D3AC00256AAD /* NSBezierPath+CGPath.h */ = {isa = PBXFileReference; fileEncoding = 4; lastKnownFileType = sourcecode.c.h; path = "NSBezierPath+CGPath.h"; sourceTree = "<group>"; };
		334B389819D9D3AC00256AAD /* NSBezierPath+CGPath.m */ = {isa = PBXFileReference; fileEncoding = 4; lastKnownFileType = sourcecode.c.objc; path = "NSBezierPath+CGPath.m"; sourceTree = "<group>"; };
		334B389A19D9DB0200256AAD /* MacPathView.h */ = {isa = PBXFileReference; fileEncoding = 4; lastKnownFileType = sourcecode.c.h; path = MacPathView.h; sourceTree = "<group>"; };
		334B389B19D9DB0200256AAD /* MacPathView.m */ = {isa = PBXFileReference; fileEncoding = 4; lastKnownFileType = sourcecode.c.objc; path = MacPathView.m; sourceTree = "<group>"; };
		95A5CF6A15750D0E00C7CF8D /* SKUBezierPath+SVG.h */ = {isa = PBXFileReference; lastKnownFileType = sourcecode.c.h; name = "SKUBezierPath+SVG.h"; path = "../../SKUBezierPath+SVG.h"; sourceTree = "<group>"; };
		95A5CF6B15750D0E00C7CF8D /* SKUBezierPath+SVG.m */ = {isa = PBXFileReference; lastKnownFileType = sourcecode.c.objc; name = "SKUBezierPath+SVG.m"; path = "../../SKUBezierPath+SVG.m"; sourceTree = "<group>"; };
		95B648BC1574D27A0070B87C /* svg_test.app */ = {isa = PBXFileReference; explicitFileType = wrapper.application; includeInIndex = 0; path = svg_test.app; sourceTree = BUILT_PRODUCTS_DIR; };
		95B648C01574D27A0070B87C /* UIKit.framework */ = {isa = PBXFileReference; lastKnownFileType = wrapper.framework; name = UIKit.framework; path = System/Library/Frameworks/UIKit.framework; sourceTree = SDKROOT; };
		95B648C21574D27A0070B87C /* Foundation.framework */ = {isa = PBXFileReference; lastKnownFileType = wrapper.framework; name = Foundation.framework; path = System/Library/Frameworks/Foundation.framework; sourceTree = SDKROOT; };
		95B648C41574D27A0070B87C /* CoreGraphics.framework */ = {isa = PBXFileReference; lastKnownFileType = wrapper.framework; name = CoreGraphics.framework; path = System/Library/Frameworks/CoreGraphics.framework; sourceTree = SDKROOT; };
		95B648C81574D27A0070B87C /* svg_test-Info.plist */ = {isa = PBXFileReference; lastKnownFileType = text.plist.xml; path = "svg_test-Info.plist"; sourceTree = "<group>"; };
		95B648CA1574D27A0070B87C /* en */ = {isa = PBXFileReference; lastKnownFileType = text.plist.strings; name = en; path = en.lproj/InfoPlist.strings; sourceTree = "<group>"; };
		95B648CC1574D27A0070B87C /* main.m */ = {isa = PBXFileReference; lastKnownFileType = sourcecode.c.objc; path = main.m; sourceTree = "<group>"; };
		95B648CE1574D27A0070B87C /* svg_test-Prefix.pch */ = {isa = PBXFileReference; lastKnownFileType = sourcecode.c.h; path = "svg_test-Prefix.pch"; sourceTree = "<group>"; };
		95B648CF1574D27A0070B87C /* AppDelegate.h */ = {isa = PBXFileReference; lastKnownFileType = sourcecode.c.h; path = AppDelegate.h; sourceTree = "<group>"; };
		95B648D01574D27A0070B87C /* AppDelegate.m */ = {isa = PBXFileReference; lastKnownFileType = sourcecode.c.objc; path = AppDelegate.m; sourceTree = "<group>"; };
		95B648D21574D27A0070B87C /* ViewController.h */ = {isa = PBXFileReference; lastKnownFileType = sourcecode.c.h; path = ViewController.h; sourceTree = "<group>"; };
		95B648D31574D27A0070B87C /* ViewController.m */ = {isa = PBXFileReference; lastKnownFileType = sourcecode.c.objc; path = ViewController.m; sourceTree = "<group>"; };
		95B648D61574D27A0070B87C /* en */ = {isa = PBXFileReference; lastKnownFileType = file.xib; name = en; path = en.lproj/ViewController_iPhone.xib; sourceTree = "<group>"; };
		95B648D91574D27A0070B87C /* en */ = {isa = PBXFileReference; lastKnownFileType = file.xib; name = en; path = en.lproj/ViewController_iPad.xib; sourceTree = "<group>"; };
		95B648E01574D2970070B87C /* PathView.h */ = {isa = PBXFileReference; fileEncoding = 4; lastKnownFileType = sourcecode.c.h; path = PathView.h; sourceTree = "<group>"; };
		95B648E11574D2970070B87C /* PathView.m */ = {isa = PBXFileReference; fileEncoding = 4; lastKnownFileType = sourcecode.c.objc; path = PathView.m; sourceTree = "<group>"; };
		95EE6A0615D13D1B001AD694 /* TigerView.h */ = {isa = PBXFileReference; fileEncoding = 4; lastKnownFileType = sourcecode.c.h; path = TigerView.h; sourceTree = "<group>"; };
		95EE6A0715D13D1B001AD694 /* TigerView.m */ = {isa = PBXFileReference; fileEncoding = 4; lastKnownFileType = sourcecode.c.objc; path = TigerView.m; sourceTree = "<group>"; };
		95EE6A0A15D13D89001AD694 /* tiger.js */ = {isa = PBXFileReference; fileEncoding = 4; lastKnownFileType = sourcecode.javascript; path = tiger.js; sourceTree = "<group>"; };
/* End PBXFileReference section */

/* Begin PBXFrameworksBuildPhase section */
		334B386D19D9CE5A00256AAD /* Frameworks */ = {
			isa = PBXFrameworksBuildPhase;
			buildActionMask = 2147483647;
			files = (
			);
			runOnlyForDeploymentPostprocessing = 0;
		};
		95B648B91574D27A0070B87C /* Frameworks */ = {
			isa = PBXFrameworksBuildPhase;
			buildActionMask = 2147483647;
			files = (
				95B648C11574D27A0070B87C /* UIKit.framework in Frameworks */,
				95B648C31574D27A0070B87C /* Foundation.framework in Frameworks */,
				95B648C51574D27A0070B87C /* CoreGraphics.framework in Frameworks */,
			);
			runOnlyForDeploymentPostprocessing = 0;
		};
/* End PBXFrameworksBuildPhase section */

/* Begin PBXGroup section */
		334B386B19D9CD6100256AAD /* iOS Classes */ = {
			isa = PBXGroup;
			children = (
				95B648CF1574D27A0070B87C /* AppDelegate.h */,
				95B648D01574D27A0070B87C /* AppDelegate.m */,
				95B648D21574D27A0070B87C /* ViewController.h */,
				95B648D31574D27A0070B87C /* ViewController.m */,
				95B648E01574D2970070B87C /* PathView.h */,
				95B648E11574D2970070B87C /* PathView.m */,
				95B648D51574D27A0070B87C /* ViewController_iPhone.xib */,
				95B648D81574D27A0070B87C /* ViewController_iPad.xib */,
				95EE6A0615D13D1B001AD694 /* TigerView.h */,
				95EE6A0715D13D1B001AD694 /* TigerView.m */,
			);
			name = "iOS Classes";
			sourceTree = "<group>";
		};
		334B387119D9CE5A00256AAD /* svg_Mac */ = {
			isa = PBXGroup;
			children = (
				334B387619D9CE5A00256AAD /* AppDelegate.h */,
				334B387719D9CE5A00256AAD /* AppDelegate.m */,
				334B387919D9CE5A00256AAD /* Images.xcassets */,
				334B389719D9D3AC00256AAD /* NSBezierPath+CGPath.h */,
				334B389819D9D3AC00256AAD /* NSBezierPath+CGPath.m */,
				334B389419D9D07100256AAD /* MacViewController.h */,
				334B389519D9D07100256AAD /* MacViewController.m */,
				334B389A19D9DB0200256AAD /* MacPathView.h */,
				334B389B19D9DB0200256AAD /* MacPathView.m */,
				334B387B19D9CE5A00256AAD /* MainMenu.xib */,
				334B387219D9CE5A00256AAD /* Supporting Files */,
			);
			name = svg_Mac;
			path = ../svg_Mac;
			sourceTree = "<group>";
		};
		334B387219D9CE5A00256AAD /* Supporting Files */ = {
			isa = PBXGroup;
			children = (
				334B387319D9CE5A00256AAD /* Info.plist */,
				334B387419D9CE5A00256AAD /* main.m */,
			);
			name = "Supporting Files";
			sourceTree = "<group>";
		};
		95B648B11574D27A0070B87C = {
			isa = PBXGroup;
			children = (
				95B648C61574D27A0070B87C /* svg_test */,
				95B648BF1574D27A0070B87C /* Frameworks */,
				95B648BD1574D27A0070B87C /* Products */,
			);
			sourceTree = "<group>";
		};
		95B648BD1574D27A0070B87C /* Products */ = {
			isa = PBXGroup;
			children = (
				95B648BC1574D27A0070B87C /* svg_test.app */,
				334B387019D9CE5A00256AAD /* svg_Mac.app */,
			);
			name = Products;
			sourceTree = "<group>";
		};
		95B648BF1574D27A0070B87C /* Frameworks */ = {
			isa = PBXGroup;
			children = (
				95B648C01574D27A0070B87C /* UIKit.framework */,
				95B648C21574D27A0070B87C /* Foundation.framework */,
				95B648C41574D27A0070B87C /* CoreGraphics.framework */,
			);
			name = Frameworks;
			sourceTree = "<group>";
		};
		95B648C61574D27A0070B87C /* svg_test */ = {
			isa = PBXGroup;
			children = (
				334B387119D9CE5A00256AAD /* svg_Mac */,
				334B386B19D9CD6100256AAD /* iOS Classes */,
				95A5CF6A15750D0E00C7CF8D /* SKUBezierPath+SVG.h */,
				95A5CF6B15750D0E00C7CF8D /* SKUBezierPath+SVG.m */,
				95B648C71574D27A0070B87C /* Supporting Files */,
			);
			path = svg_test;
			sourceTree = "<group>";
		};
		95B648C71574D27A0070B87C /* Supporting Files */ = {
			isa = PBXGroup;
			children = (
				95EE6A0A15D13D89001AD694 /* tiger.js */,
				95B648C81574D27A0070B87C /* svg_test-Info.plist */,
				95B648C91574D27A0070B87C /* InfoPlist.strings */,
				95B648CC1574D27A0070B87C /* main.m */,
				95B648CE1574D27A0070B87C /* svg_test-Prefix.pch */,
			);
			name = "Supporting Files";
			sourceTree = "<group>";
		};
/* End PBXGroup section */

/* Begin PBXNativeTarget section */
		334B386F19D9CE5A00256AAD /* svg_Mac */ = {
			isa = PBXNativeTarget;
			buildConfigurationList = 334B388A19D9CE5A00256AAD /* Build configuration list for PBXNativeTarget "svg_Mac" */;
			buildPhases = (
				334B386C19D9CE5A00256AAD /* Sources */,
				334B386D19D9CE5A00256AAD /* Frameworks */,
				334B386E19D9CE5A00256AAD /* Resources */,
			);
			buildRules = (
			);
			dependencies = (
			);
			name = svg_Mac;
			productName = svg_Mac;
			productReference = 334B387019D9CE5A00256AAD /* svg_Mac.app */;
			productType = "com.apple.product-type.application";
		};
		95B648BB1574D27A0070B87C /* svg_test */ = {
			isa = PBXNativeTarget;
			buildConfigurationList = 95B648DD1574D27A0070B87C /* Build configuration list for PBXNativeTarget "svg_test" */;
			buildPhases = (
				95B648B81574D27A0070B87C /* Sources */,
				95B648B91574D27A0070B87C /* Frameworks */,
				95B648BA1574D27A0070B87C /* Resources */,
			);
			buildRules = (
			);
			dependencies = (
			);
			name = svg_test;
			productName = svg_test;
			productReference = 95B648BC1574D27A0070B87C /* svg_test.app */;
			productType = "com.apple.product-type.application";
		};
/* End PBXNativeTarget section */

/* Begin PBXProject section */
		95B648B31574D27A0070B87C /* Project object */ = {
			isa = PBXProject;
			attributes = {
				LastUpgradeCheck = 0430;
				TargetAttributes = {
					334B386F19D9CE5A00256AAD = {
						CreatedOnToolsVersion = 6.0.1;
					};
				};
			};
			buildConfigurationList = 95B648B61574D27A0070B87C /* Build configuration list for PBXProject "svg_test" */;
			compatibilityVersion = "Xcode 3.2";
			developmentRegion = English;
			hasScannedForEncodings = 0;
			knownRegions = (
				en,
				Base,
			);
			mainGroup = 95B648B11574D27A0070B87C;
			productRefGroup = 95B648BD1574D27A0070B87C /* Products */;
			projectDirPath = "";
			projectRoot = "";
			targets = (
				95B648BB1574D27A0070B87C /* svg_test */,
				334B386F19D9CE5A00256AAD /* svg_Mac */,
			);
		};
/* End PBXProject section */

/* Begin PBXResourcesBuildPhase section */
		334B386E19D9CE5A00256AAD /* Resources */ = {
			isa = PBXResourcesBuildPhase;
			buildActionMask = 2147483647;
			files = (
				334B387A19D9CE5A00256AAD /* Images.xcassets in Resources */,
				334B387D19D9CE5A00256AAD /* MainMenu.xib in Resources */,
			);
			runOnlyForDeploymentPostprocessing = 0;
		};
		95B648BA1574D27A0070B87C /* Resources */ = {
			isa = PBXResourcesBuildPhase;
			buildActionMask = 2147483647;
			files = (
				95EE6A1315D13E43001AD694 /* tiger.js in Resources */,
				95B648CB1574D27A0070B87C /* InfoPlist.strings in Resources */,
				95B648D71574D27A0070B87C /* ViewController_iPhone.xib in Resources */,
				95B648DA1574D27A0070B87C /* ViewController_iPad.xib in Resources */,
			);
			runOnlyForDeploymentPostprocessing = 0;
		};
/* End PBXResourcesBuildPhase section */

/* Begin PBXSourcesBuildPhase section */
		334B386C19D9CE5A00256AAD /* Sources */ = {
			isa = PBXSourcesBuildPhase;
			buildActionMask = 2147483647;
			files = (
				334B389019D9CE7D00256AAD /* SKUBezierPath+SVG.m in Sources */,
				334B387819D9CE5A00256AAD /* AppDelegate.m in Sources */,
				334B389619D9D07100256AAD /* MacViewController.m in Sources */,
				334B389919D9D3AC00256AAD /* NSBezierPath+CGPath.m in Sources */,
				334B387519D9CE5A00256AAD /* main.m in Sources */,
				334B389C19D9DB0200256AAD /* MacPathView.m in Sources */,
			);
			runOnlyForDeploymentPostprocessing = 0;
		};
		95B648B81574D27A0070B87C /* Sources */ = {
			isa = PBXSourcesBuildPhase;
			buildActionMask = 2147483647;
			files = (
				95A5CF6C15750D3500C7CF8D /* SKUBezierPath+SVG.m in Sources */,
				95B648CD1574D27A0070B87C /* main.m in Sources */,
				95B648D11574D27A0070B87C /* AppDelegate.m in Sources */,
				95B648D41574D27A0070B87C /* ViewController.m in Sources */,
				95B648E21574D2970070B87C /* PathView.m in Sources */,
				95EE6A0815D13D1B001AD694 /* TigerView.m in Sources */,
			);
			runOnlyForDeploymentPostprocessing = 0;
		};
/* End PBXSourcesBuildPhase section */

/* Begin PBXVariantGroup section */
		334B387B19D9CE5A00256AAD /* MainMenu.xib */ = {
			isa = PBXVariantGroup;
			children = (
				334B387C19D9CE5A00256AAD /* Base */,
			);
			name = MainMenu.xib;
			sourceTree = "<group>";
		};
		95B648C91574D27A0070B87C /* InfoPlist.strings */ = {
			isa = PBXVariantGroup;
			children = (
				95B648CA1574D27A0070B87C /* en */,
			);
			name = InfoPlist.strings;
			sourceTree = "<group>";
		};
		95B648D51574D27A0070B87C /* ViewController_iPhone.xib */ = {
			isa = PBXVariantGroup;
			children = (
				95B648D61574D27A0070B87C /* en */,
			);
			name = ViewController_iPhone.xib;
			sourceTree = "<group>";
		};
		95B648D81574D27A0070B87C /* ViewController_iPad.xib */ = {
			isa = PBXVariantGroup;
			children = (
				95B648D91574D27A0070B87C /* en */,
			);
			name = ViewController_iPad.xib;
			sourceTree = "<group>";
		};
/* End PBXVariantGroup section */

/* Begin XCBuildConfiguration section */
		334B388B19D9CE5A00256AAD /* Debug */ = {
			isa = XCBuildConfiguration;
			buildSettings = {
				ARCHS = "$(ARCHS_STANDARD_64_BIT)";
				ASSETCATALOG_COMPILER_APPICON_NAME = AppIcon;
				CLANG_CXX_LANGUAGE_STANDARD = "gnu++0x";
				CLANG_CXX_LIBRARY = "libc++";
				CLANG_ENABLE_MODULES = YES;
				CLANG_ENABLE_OBJC_ARC = YES;
				CLANG_WARN_BOOL_CONVERSION = YES;
				CLANG_WARN_CONSTANT_CONVERSION = YES;
				CLANG_WARN_DIRECT_OBJC_ISA_USAGE = YES_ERROR;
				CLANG_WARN_EMPTY_BODY = YES;
				CLANG_WARN_ENUM_CONVERSION = YES;
				CLANG_WARN_INT_CONVERSION = YES;
				CLANG_WARN_OBJC_ROOT_CLASS = YES_ERROR;
				CLANG_WARN_UNREACHABLE_CODE = YES;
				CLANG_WARN__DUPLICATE_METHOD_MATCH = YES;
				CODE_SIGN_IDENTITY = "-";
				COMBINE_HIDPI_IMAGES = YES;
				ENABLE_STRICT_OBJC_MSGSEND = YES;
				GCC_PREPROCESSOR_DEFINITIONS = (
					"DEBUG=1",
					"$(inherited)",
				);
				GCC_WARN_64_TO_32_BIT_CONVERSION = YES;
				GCC_WARN_ABOUT_RETURN_TYPE = YES_ERROR;
				GCC_WARN_UNDECLARED_SELECTOR = YES;
				GCC_WARN_UNINITIALIZED_AUTOS = YES_AGGRESSIVE;
				GCC_WARN_UNUSED_FUNCTION = YES;
				INFOPLIST_FILE = svg_Mac/Info.plist;
				LD_RUNPATH_SEARCH_PATHS = "$(inherited) @executable_path/../Frameworks";
				MACOSX_DEPLOYMENT_TARGET = 10.9;
				MTL_ENABLE_DEBUG_INFO = YES;
				ONLY_ACTIVE_ARCH = YES;
				PRODUCT_NAME = "$(TARGET_NAME)";
				SDKROOT = macosx;
			};
			name = Debug;
		};
		334B388C19D9CE5A00256AAD /* Release */ = {
			isa = XCBuildConfiguration;
			buildSettings = {
				ARCHS = "$(ARCHS_STANDARD_64_BIT)";
				ASSETCATALOG_COMPILER_APPICON_NAME = AppIcon;
				CLANG_CXX_LANGUAGE_STANDARD = "gnu++0x";
				CLANG_CXX_LIBRARY = "libc++";
				CLANG_ENABLE_MODULES = YES;
				CLANG_ENABLE_OBJC_ARC = YES;
				CLANG_WARN_BOOL_CONVERSION = YES;
				CLANG_WARN_CONSTANT_CONVERSION = YES;
				CLANG_WARN_DIRECT_OBJC_ISA_USAGE = YES_ERROR;
				CLANG_WARN_EMPTY_BODY = YES;
				CLANG_WARN_ENUM_CONVERSION = YES;
				CLANG_WARN_INT_CONVERSION = YES;
				CLANG_WARN_OBJC_ROOT_CLASS = YES_ERROR;
				CLANG_WARN_UNREACHABLE_CODE = YES;
				CLANG_WARN__DUPLICATE_METHOD_MATCH = YES;
				CODE_SIGN_IDENTITY = "-";
				COMBINE_HIDPI_IMAGES = YES;
				DEBUG_INFORMATION_FORMAT = "dwarf-with-dsym";
				ENABLE_NS_ASSERTIONS = NO;
				ENABLE_STRICT_OBJC_MSGSEND = YES;
				GCC_WARN_64_TO_32_BIT_CONVERSION = YES;
				GCC_WARN_ABOUT_RETURN_TYPE = YES_ERROR;
				GCC_WARN_UNDECLARED_SELECTOR = YES;
				GCC_WARN_UNINITIALIZED_AUTOS = YES_AGGRESSIVE;
				GCC_WARN_UNUSED_FUNCTION = YES;
				INFOPLIST_FILE = svg_Mac/Info.plist;
				LD_RUNPATH_SEARCH_PATHS = "$(inherited) @executable_path/../Frameworks";
				MACOSX_DEPLOYMENT_TARGET = 10.9;
				MTL_ENABLE_DEBUG_INFO = NO;
				PRODUCT_NAME = "$(TARGET_NAME)";
				SDKROOT = macosx;
			};
			name = Release;
		};
		95B648DB1574D27A0070B87C /* Debug */ = {
			isa = XCBuildConfiguration;
			buildSettings = {
				ALWAYS_SEARCH_USER_PATHS = NO;
				ARCHS = "$(ARCHS_STANDARD_32_BIT)";
				"CODE_SIGN_IDENTITY[sdk=iphoneos*]" = "iPhone Developer";
				COPY_PHASE_STRIP = NO;
				GCC_C_LANGUAGE_STANDARD = gnu99;
				GCC_DYNAMIC_NO_PIC = NO;
				GCC_OPTIMIZATION_LEVEL = 0;
				GCC_PREPROCESSOR_DEFINITIONS = (
					"DEBUG=1",
					"$(inherited)",
				);
				GCC_SYMBOLS_PRIVATE_EXTERN = NO;
				GCC_VERSION = com.apple.compilers.llvm.clang.1_0;
				GCC_WARN_ABOUT_RETURN_TYPE = YES;
				GCC_WARN_UNINITIALIZED_AUTOS = YES;
				GCC_WARN_UNUSED_VARIABLE = YES;
				IPHONEOS_DEPLOYMENT_TARGET = 5.1;
				SDKROOT = iphoneos;
				TARGETED_DEVICE_FAMILY = "1,2";
			};
			name = Debug;
		};
		95B648DC1574D27A0070B87C /* Release */ = {
			isa = XCBuildConfiguration;
			buildSettings = {
				ALWAYS_SEARCH_USER_PATHS = NO;
				ARCHS = "$(ARCHS_STANDARD_32_BIT)";
				"CODE_SIGN_IDENTITY[sdk=iphoneos*]" = "iPhone Developer";
				COPY_PHASE_STRIP = YES;
				GCC_C_LANGUAGE_STANDARD = gnu99;
				GCC_VERSION = com.apple.compilers.llvm.clang.1_0;
				GCC_WARN_ABOUT_RETURN_TYPE = YES;
				GCC_WARN_UNINITIALIZED_AUTOS = YES;
				GCC_WARN_UNUSED_VARIABLE = YES;
				IPHONEOS_DEPLOYMENT_TARGET = 5.1;
				OTHER_CFLAGS = "-DNS_BLOCK_ASSERTIONS=1";
				SDKROOT = iphoneos;
				TARGETED_DEVICE_FAMILY = "1,2";
				VALIDATE_PRODUCT = YES;
			};
			name = Release;
		};
		95B648DE1574D27A0070B87C /* Debug */ = {
			isa = XCBuildConfiguration;
			buildSettings = {
				CLANG_ENABLE_OBJC_ARC = YES;
				GCC_PRECOMPILE_PREFIX_HEADER = YES;
				GCC_PREFIX_HEADER = "svg_test/svg_test-Prefix.pch";
				INFOPLIST_FILE = "svg_test/svg_test-Info.plist";
				PRODUCT_NAME = "$(TARGET_NAME)";
				WRAPPER_EXTENSION = app;
			};
			name = Debug;
		};
		95B648DF1574D27A0070B87C /* Release */ = {
			isa = XCBuildConfiguration;
			buildSettings = {
				CLANG_ENABLE_OBJC_ARC = YES;
				GCC_PRECOMPILE_PREFIX_HEADER = YES;
				GCC_PREFIX_HEADER = "svg_test/svg_test-Prefix.pch";
				INFOPLIST_FILE = "svg_test/svg_test-Info.plist";
				PRODUCT_NAME = "$(TARGET_NAME)";
				WRAPPER_EXTENSION = app;
			};
			name = Release;
		};
/* End XCBuildConfiguration section */

/* Begin XCConfigurationList section */
		334B388A19D9CE5A00256AAD /* Build configuration list for PBXNativeTarget "svg_Mac" */ = {
			isa = XCConfigurationList;
			buildConfigurations = (
				334B388B19D9CE5A00256AAD /* Debug */,
				334B388C19D9CE5A00256AAD /* Release */,
			);
			defaultConfigurationIsVisible = 0;
			defaultConfigurationName = Release;
		};
		95B648B61574D27A0070B87C /* Build configuration list for PBXProject "svg_test" */ = {
			isa = XCConfigurationList;
			buildConfigurations = (
				95B648DB1574D27A0070B87C /* Debug */,
				95B648DC1574D27A0070B87C /* Release */,
			);
			defaultConfigurationIsVisible = 0;
			defaultConfigurationName = Release;
		};
		95B648DD1574D27A0070B87C /* Build configuration list for PBXNativeTarget "svg_test" */ = {
			isa = XCConfigurationList;
			buildConfigurations = (
				95B648DE1574D27A0070B87C /* Debug */,
				95B648DF1574D27A0070B87C /* Release */,
			);
			defaultConfigurationIsVisible = 0;
			defaultConfigurationName = Release;
		};
/* End XCConfigurationList section */
	};
	rootObject = 95B648B31574D27A0070B87C /* Project object */;
}
